
Microsoft Visual Studio Solution File, Format Version 12.00
# Visual Studio 15
VisualStudioVersion = 15.0.27130.2036
MinimumVisualStudioVersion = 10.0.40219.1
Project("{FAE04EC0-301F-11D3-BF4B-00C04F79EFBC}") = "WordWrap", "WordWrap\WordWrap.csproj", "{36768A74-E90B-4976-9AD7-0FA2637FB040}"
EndProject
Global
	GlobalSection(SolutionConfigurationPlatforms) = preSolution
		Debug|Any CPU = Debug|Any CPU
		Release|Any CPU = Release|Any CPU
	EndGlobalSection
	GlobalSection(ProjectConfigurationPlatforms) = postSolution
		{36768A74-E90B-4976-9AD7-0FA2637FB040}.Debug|Any CPU.ActiveCfg = Debug|Any CPU
		{36768A74-E90B-4976-9AD7-0FA2637FB040}.Debug|Any CPU.Build.0 = Debug|Any CPU
		{36768A74-E90B-4976-9AD7-0FA2637FB040}.Release|Any CPU.ActiveCfg = Release|Any CPU
		{36768A74-E90B-4976-9AD7-0FA2637FB040}.Release|Any CPU.Build.0 = Release|Any CPU
	EndGlobalSection
	GlobalSection(SolutionProperties) = preSolution
		HideSolutionNode = FALSE
	EndGlobalSection
	GlobalSection(ExtensibilityGlobals) = postSolution
		SolutionGuid = {1CC0D4A6-2FF8-4A98-9ED7-40E35388D9B9}
	EndGlobalSection
EndGlobal
